
Microsoft Visual Studio Solution File, Format Version 12.00
# Visual Studio Version 17
VisualStudioVersion = 17.13.35825.156 d17.13
MinimumVisualStudioVersion = 10.0.40219.1
Project("{FAE04EC0-301F-11D3-BF4B-00C04F79EFBC}") = "TempElementsLib", "TempElementsLib\TempElementsLib.csproj", "{19CA2408-80A6-42CE-9FC6-2F8551808A21}"
EndProject
Project("{FAE04EC0-301F-11D3-BF4B-00C04F79EFBC}") = "TempElementsConsoleApp", "TempElementsConsoleApp\TempElementsConsoleApp.csproj", "{3D69511A-1A5C-4842-8CE4-5D52F5780AF6}"
EndProject
Global
	GlobalSection(SolutionConfigurationPlatforms) = preSolution
		Debug|Any CPU = Debug|Any CPU
		Release|Any CPU = Release|Any CPU
	EndGlobalSection
	GlobalSection(ProjectConfigurationPlatforms) = postSolution
		{19CA2408-80A6-42CE-9FC6-2F8551808A21}.Debug|Any CPU.ActiveCfg = Debug|Any CPU
		{19CA2408-80A6-42CE-9FC6-2F8551808A21}.Debug|Any CPU.Build.0 = Debug|Any CPU
		{19CA2408-80A6-42CE-9FC6-2F8551808A21}.Release|Any CPU.ActiveCfg = Release|Any CPU
		{19CA2408-80A6-42CE-9FC6-2F8551808A21}.Release|Any CPU.Build.0 = Release|Any CPU
		{3D69511A-1A5C-4842-8CE4-5D52F5780AF6}.Debug|Any CPU.ActiveCfg = Debug|Any CPU
		{3D69511A-1A5C-4842-8CE4-5D52F5780AF6}.Debug|Any CPU.Build.0 = Debug|Any CPU
		{3D69511A-1A5C-4842-8CE4-5D52F5780AF6}.Release|Any CPU.ActiveCfg = Release|Any CPU
		{3D69511A-1A5C-4842-8CE4-5D52F5780AF6}.Release|Any CPU.Build.0 = Release|Any CPU
	EndGlobalSection
	GlobalSection(SolutionProperties) = preSolution
		HideSolutionNode = FALSE
	EndGlobalSection
	GlobalSection(ExtensibilityGlobals) = postSolution
		SolutionGuid = {2A151BA5-9599-47AF-AF5F-8FB5AC50ECF8}
	EndGlobalSection
EndGlobal
